Microsoft Visual Studio Solution File, Format Version 11.00
# Visual Studio 2010
Project("{8BC9CEB8-8B4A-11D0-8D11-00A0C91BC942}") = "ALL_BUILD", "ALL_BUILD.vcxproj", "{1E57131F-E4E1-4C04-8A99-9D174C37F648}"
	ProjectSection(ProjectDependencies) = postProject
		{97B55777-36B9-4E81-B0B5-AD7F1E425E80} = {97B55777-36B9-4E81-B0B5-AD7F1E425E80}
	EndProjectSection
EndProject
Project("{8BC9CEB8-8B4A-11D0-8D11-00A0C91BC942}") = "ZERO_CHECK", "..\..\ZERO_CHECK.vcxproj", "{9BEC68C9-570F-4BE7-A5FE-286C24729A31}"
	ProjectSection(ProjectDependencies) = postProject
	EndProjectSection
EndProject
Project("{8BC9CEB8-8B4A-11D0-8D11-00A0C91BC942}") = "bubbles", "bubbles.vcxproj", "{97B55777-36B9-4E81-B0B5-AD7F1E425E80}"
	ProjectSection(ProjectDependencies) = postProject
		{9BEC68C9-570F-4BE7-A5FE-286C24729A31} = {9BEC68C9-570F-4BE7-A5FE-286C24729A31}
		{6332F0AE-C879-4838-B205-56F78E009A47} = {6332F0AE-C879-4838-B205-56F78E009A47}
	EndProjectSection
EndProject
Project("{8BC9CEB8-8B4A-11D0-8D11-00A0C91BC942}") = "bubbleslib", "..\game\bubbleslib.vcxproj", "{6332F0AE-C879-4838-B205-56F78E009A47}"
	ProjectSection(ProjectDependencies) = postProject
		{9BEC68C9-570F-4BE7-A5FE-286C24729A31} = {9BEC68C9-570F-4BE7-A5FE-286C24729A31}
	EndProjectSection
EndProject
Global
	GlobalSection(SolutionConfigurationPlatforms) = preSolution
		Debug|Win32 = Debug|Win32
		Release|Win32 = Release|Win32
		MinSizeRel|Win32 = MinSizeRel|Win32
		RelWithDebInfo|Win32 = RelWithDebInfo|Win32
	EndGlobalSection
	GlobalSection(ProjectConfigurationPlatforms) = postSolution
		{1E57131F-E4E1-4C04-8A99-9D174C37F648}.Debug|Win32.ActiveCfg = Debug|Win32
		{1E57131F-E4E1-4C04-8A99-9D174C37F648}.Release|Win32.ActiveCfg = Release|Win32
		{1E57131F-E4E1-4C04-8A99-9D174C37F648}.MinSizeRel|Win32.ActiveCfg = MinSizeRel|Win32
		{1E57131F-E4E1-4C04-8A99-9D174C37F648}.RelWithDebInfo|Win32.ActiveCfg = RelWithDebInfo|Win32
		{9BEC68C9-570F-4BE7-A5FE-286C24729A31}.Debug|Win32.ActiveCfg = Debug|Win32
		{9BEC68C9-570F-4BE7-A5FE-286C24729A31}.Debug|Win32.Build.0 = Debug|Win32
		{9BEC68C9-570F-4BE7-A5FE-286C24729A31}.Release|Win32.ActiveCfg = Release|Win32
		{9BEC68C9-570F-4BE7-A5FE-286C24729A31}.Release|Win32.Build.0 = Release|Win32
		{9BEC68C9-570F-4BE7-A5FE-286C24729A31}.MinSizeRel|Win32.ActiveCfg = MinSizeRel|Win32
		{9BEC68C9-570F-4BE7-A5FE-286C24729A31}.MinSizeRel|Win32.Build.0 = MinSizeRel|Win32
		{9BEC68C9-570F-4BE7-A5FE-286C24729A31}.RelWithDebInfo|Win32.ActiveCfg = RelWithDebInfo|Win32
		{9BEC68C9-570F-4BE7-A5FE-286C24729A31}.RelWithDebInfo|Win32.Build.0 = RelWithDebInfo|Win32
		{97B55777-36B9-4E81-B0B5-AD7F1E425E80}.Debug|Win32.ActiveCfg = Debug|Win32
		{97B55777-36B9-4E81-B0B5-AD7F1E425E80}.Debug|Win32.Build.0 = Debug|Win32
		{97B55777-36B9-4E81-B0B5-AD7F1E425E80}.Release|Win32.ActiveCfg = Release|Win32
		{97B55777-36B9-4E81-B0B5-AD7F1E425E80}.Release|Win32.Build.0 = Release|Win32
		{97B55777-36B9-4E81-B0B5-AD7F1E425E80}.MinSizeRel|Win32.ActiveCfg = MinSizeRel|Win32
		{97B55777-36B9-4E81-B0B5-AD7F1E425E80}.MinSizeRel|Win32.Build.0 = MinSizeRel|Win32
		{97B55777-36B9-4E81-B0B5-AD7F1E425E80}.RelWithDebInfo|Win32.ActiveCfg = RelWithDebInfo|Win32
		{97B55777-36B9-4E81-B0B5-AD7F1E425E80}.RelWithDebInfo|Win32.Build.0 = RelWithDebInfo|Win32
		{6332F0AE-C879-4838-B205-56F78E009A47}.Debug|Win32.ActiveCfg = Debug|Win32
		{6332F0AE-C879-4838-B205-56F78E009A47}.Debug|Win32.Build.0 = Debug|Win32
		{6332F0AE-C879-4838-B205-56F78E009A47}.Release|Win32.ActiveCfg = Release|Win32
		{6332F0AE-C879-4838-B205-56F78E009A47}.Release|Win32.Build.0 = Release|Win32
		{6332F0AE-C879-4838-B205-56F78E009A47}.MinSizeRel|Win32.ActiveCfg = MinSizeRel|Win32
		{6332F0AE-C879-4838-B205-56F78E009A47}.MinSizeRel|Win32.Build.0 = MinSizeRel|Win32
		{6332F0AE-C879-4838-B205-56F78E009A47}.RelWithDebInfo|Win32.ActiveCfg = RelWithDebInfo|Win32
		{6332F0AE-C879-4838-B205-56F78E009A47}.RelWithDebInfo|Win32.Build.0 = RelWithDebInfo|Win32
	EndGlobalSection
	GlobalSection(ExtensibilityGlobals) = postSolution
	EndGlobalSection
	GlobalSection(ExtensibilityAddIns) = postSolution
	EndGlobalSection
EndGlobal
